// !$*UTF8*$!
{
	archiveVersion = 1;
	classes = {
	};
	objectVersion = 46;
	objects = {

/* Begin PBXBuildFile section */
		D4043D1F1B940435001CF56D /* AppDelegate.swift in Sources */ = {isa = PBXBuildFile; fileRef = D4043D1E1B940435001CF56D /* AppDelegate.swift */; };
		D4043D211B940435001CF56D /* ViewController.swift in Sources */ = {isa = PBXBuildFile; fileRef = D4043D201B940435001CF56D /* ViewController.swift */; };
		D4043D241B940435001CF56D /* Main.storyboard in Resources */ = {isa = PBXBuildFile; fileRef = D4043D221B940435001CF56D /* Main.storyboard */; };
		D4043D261B940435001CF56D /* Images.xcassets in Resources */ = {isa = PBXBuildFile; fileRef = D4043D251B940435001CF56D /* Images.xcassets */; };
		D4043D291B940435001CF56D /* LaunchScreen.xib in Resources */ = {isa = PBXBuildFile; fileRef = D4043D271B940435001CF56D /* LaunchScreen.xib */; };
		D4043D351B940435001CF56D /* Dog_WalkTests.swift in Sources */ = {isa = PBXBuildFile; fileRef = D4043D341B940435001CF56D /* Dog_WalkTests.swift */; };
/* End PBXBuildFile section */

/* Begin PBXContainerItemProxy section */
		D4043D2F1B940435001CF56D /* PBXContainerItemProxy */ = {
			isa = PBXContainerItemProxy;
			containerPortal = D4043D111B940435001CF56D /* Project object */;
			proxyType = 1;
			remoteGlobalIDString = D4043D181B940435001CF56D;
			remoteInfo = "Dog Walk";
		};
/* End PBXContainerItemProxy section */

/* Begin PBXFileReference section */
		D4043D191B940435001CF56D /* Dog Walk.app */ = {isa = PBXFileReference; explicitFileType = wrapper.application; includeInIndex = 0; path = "Dog Walk.app"; sourceTree = BUILT_PRODUCTS_DIR; };
		D4043D1D1B940435001CF56D /* Info.plist */ = {isa = PBXFileReference; lastKnownFileType = text.plist.xml; path = Info.plist; sourceTree = "<group>"; };
		D4043D1E1B940435001CF56D /* AppDelegate.swift */ = {isa = PBXFileReference; lastKnownFileType = sourcecode.swift; path = AppDelegate.swift; sourceTree = "<group>"; };
		D4043D201B940435001CF56D /* ViewController.swift */ = {isa = PBXFileReference; lastKnownFileType = sourcecode.swift; path = ViewController.swift; sourceTree = "<group>"; };
		D4043D231B940435001CF56D /* Base */ = {isa = PBXFileReference; lastKnownFileType = file.storyboard; name = Base; path = Base.lproj/Main.storyboard; sourceTree = "<group>"; };
		D4043D251B940435001CF56D /* Images.xcassets */ = {isa = PBXFileReference; lastKnownFileType = folder.assetcatalog; path = Images.xcassets; sourceTree = "<group>"; };
		D4043D281B940435001CF56D /* Base */ = {isa = PBXFileReference; lastKnownFileType = file.xib; name = Base; path = Base.lproj/LaunchScreen.xib; sourceTree = "<group>"; };
		D4043D2E1B940435001CF56D /* Dog WalkTests.xctest */ = {isa = PBXFileReference; explicitFileType = wrapper.cfbundle; includeInIndex = 0; path = "Dog WalkTests.xctest"; sourceTree = BUILT_PRODUCTS_DIR; };
		D4043D331B940435001CF56D /* Info.plist */ = {isa = PBXFileReference; lastKnownFileType = text.plist.xml; path = Info.plist; sourceTree = "<group>"; };
		D4043D341B940435001CF56D /* Dog_WalkTests.swift */ = {isa = PBXFileReference; lastKnownFileType = sourcecode.swift; path = Dog_WalkTests.swift; sourceTree = "<group>"; };
/* End PBXFileReference section */

/* Begin PBXFrameworksBuildPhase section */
		D4043D161B940435001CF56D /* Frameworks */ = {
			isa = PBXFrameworksBuildPhase;
			buildActionMask = 2147483647;
			files = (
			);
			runOnlyForDeploymentPostprocessing = 0;
		};
		D4043D2B1B940435001CF56D /* Frameworks */ = {
			isa = PBXFrameworksBuildPhase;
			buildActionMask = 2147483647;
			files = (
			);
			runOnlyForDeploymentPostprocessing = 0;
		};
/* End PBXFrameworksBuildPhase section */

/* Begin PBXGroup section */
		D4043D101B940435001CF56D = {
			isa = PBXGroup;
			children = (
				D4043D1B1B940435001CF56D /* Dog Walk */,
				D4043D311B940435001CF56D /* Dog WalkTests */,
				D4043D1A1B940435001CF56D /* Products */,
			);
			sourceTree = "<group>";
		};
		D4043D1A1B940435001CF56D /* Products */ = {
			isa = PBXGroup;
			children = (
				D4043D191B940435001CF56D /* Dog Walk.app */,
				D4043D2E1B940435001CF56D /* Dog WalkTests.xctest */,
			);
			name = Products;
			sourceTree = "<group>";
		};
		D4043D1B1B940435001CF56D /* Dog Walk */ = {
			isa = PBXGroup;
			children = (
				D4043D1E1B940435001CF56D /* AppDelegate.swift */,
				D4043D201B940435001CF56D /* ViewController.swift */,
				D4043D221B940435001CF56D /* Main.storyboard */,
				D4043D251B940435001CF56D /* Images.xcassets */,
				D4043D271B940435001CF56D /* LaunchScreen.xib */,
				D4043D1C1B940435001CF56D /* Supporting Files */,
			);
			path = "Dog Walk";
			sourceTree = "<group>";
		};
		D4043D1C1B940435001CF56D /* Supporting Files */ = {
			isa = PBXGroup;
			children = (
				D4043D1D1B940435001CF56D /* Info.plist */,
			);
			name = "Supporting Files";
			sourceTree = "<group>";
		};
		D4043D311B940435001CF56D /* Dog WalkTests */ = {
			isa = PBXGroup;
			children = (
				D4043D341B940435001CF56D /* Dog_WalkTests.swift */,
				D4043D321B940435001CF56D /* Supporting Files */,
			);
			path = "Dog WalkTests";
			sourceTree = "<group>";
		};
		D4043D321B940435001CF56D /* Supporting Files */ = {
			isa = PBXGroup;
			children = (
				D4043D331B940435001CF56D /* Info.plist */,
			);
			name = "Supporting Files";
			sourceTree = "<group>";
		};
/* End PBXGroup section */

/* Begin PBXNativeTarget section */
		D4043D181B940435001CF56D /* Dog Walk */ = {
			isa = PBXNativeTarget;
			buildConfigurationList = D4043D381B940435001CF56D /* Build configuration list for PBXNativeTarget "Dog Walk" */;
			buildPhases = (
				D4043D151B940435001CF56D /* Sources */,
				D4043D161B940435001CF56D /* Frameworks */,
				D4043D171B940435001CF56D /* Resources */,
			);
			buildRules = (
			);
			dependencies = (
			);
			name = "Dog Walk";
			productName = "Dog Walk";
			productReference = D4043D191B940435001CF56D /* Dog Walk.app */;
			productType = "com.apple.product-type.application";
		};
		D4043D2D1B940435001CF56D /* Dog WalkTests */ = {
			isa = PBXNativeTarget;
			buildConfigurationList = D4043D3B1B940435001CF56D /* Build configuration list for PBXNativeTarget "Dog WalkTests" */;
			buildPhases = (
				D4043D2A1B940435001CF56D /* Sources */,
				D4043D2B1B940435001CF56D /* Frameworks */,
				D4043D2C1B940435001CF56D /* Resources */,
			);
			buildRules = (
			);
			dependencies = (
				D4043D301B940435001CF56D /* PBXTargetDependency */,
			);
			name = "Dog WalkTests";
			productName = "Dog WalkTests";
			productReference = D4043D2E1B940435001CF56D /* Dog WalkTests.xctest */;
			productType = "com.apple.product-type.bundle.unit-test";
		};
/* End PBXNativeTarget section */

/* Begin PBXProject section */
		D4043D111B940435001CF56D /* Project object */ = {
			isa = PBXProject;
			attributes = {
				LastUpgradeCheck = 0640;
				ORGANIZATIONNAME = anta;
				TargetAttributes = {
					D4043D181B940435001CF56D = {
						CreatedOnToolsVersion = 6.4;
					};
					D4043D2D1B940435001CF56D = {
						CreatedOnToolsVersion = 6.4;
						TestTargetID = D4043D181B940435001CF56D;
					};
				};
			};
			buildConfigurationList = D4043D141B940435001CF56D /* Build configuration list for PBXProject "Dog Walk" */;
			compatibilityVersion = "Xcode 3.2";
			developmentRegion = English;
			hasScannedForEncodings = 0;
			knownRegions = (
				en,
				Base,
			);
			mainGroup = D4043D101B940435001CF56D;
			productRefGroup = D4043D1A1B940435001CF56D /* Products */;
			projectDirPath = "";
			projectRoot = "";
			targets = (
				D4043D181B940435001CF56D /* Dog Walk */,
				D4043D2D1B940435001CF56D /* Dog WalkTests */,
			);
		};
/* End PBXProject section */

/* Begin PBXResourcesBuildPhase section */
		D4043D171B940435001CF56D /* Resources */ = {
			isa = PBXResourcesBuildPhase;
			buildActionMask = 2147483647;
			files = (
				D4043D241B940435001CF56D /* Main.storyboard in Resources */,
				D4043D291B940435001CF56D /* LaunchScreen.xib in Resources */,
				D4043D261B940435001CF56D /* Images.xcassets in Resources */,
			);
			runOnlyForDeploymentPostprocessing = 0;
		};
		D4043D2C1B940435001CF56D /* Resources */ = {
			isa = PBXResourcesBuildPhase;
			buildActionMask = 2147483647;
			files = (
			);
			runOnlyForDeploymentPostprocessing = 0;
		};
/* End PBXResourcesBuildPhase section */

/* Begin PBXSourcesBuildPhase section */
		D4043D151B940435001CF56D /* Sources */ = {
			isa = PBXSourcesBuildPhase;
			buildActionMask = 2147483647;
			files = (
				D4043D211B940435001CF56D /* ViewController.swift in Sources */,
				D4043D1F1B940435001CF56D /* AppDelegate.swift in Sources */,
			);
			runOnlyForDeploymentPostprocessing = 0;
		};
		D4043D2A1B940435001CF56D /* Sources */ = {
			isa = PBXSourcesBuildPhase;
			buildActionMask = 2147483647;
			files = (
				D4043D351B940435001CF56D /* Dog_WalkTests.swift in Sources */,
			);
			runOnlyForDeploymentPostprocessing = 0;
		};
/* End PBXSourcesBuildPhase section */

/* Begin PBXTargetDependency section */
		D4043D301B940435001CF56D /* PBXTargetDependency */ = {
			isa = PBXTargetDependency;
			target = D4043D181B940435001CF56D /* Dog Walk */;
			targetProxy = D4043D2F1B940435001CF56D /* PBXContainerItemProxy */;
		};
/* End PBXTargetDependency section */

/* Begin PBXVariantGroup section */
		D4043D221B940435001CF56D /* Main.storyboard */ = {
			isa = PBXVariantGroup;
			children = (
				D4043D231B940435001CF56D /* Base */,
			);
			name = Main.storyboard;
			sourceTree = "<group>";
		};
		D4043D271B940435001CF56D /* LaunchScreen.xib */ = {
			isa = PBXVariantGroup;
			children = (
				D4043D281B940435001CF56D /* Base */,
			);
			name = LaunchScreen.xib;
			sourceTree = "<group>";
		};
/* End PBXVariantGroup section */

/* Begin XCBuildConfiguration section */
		D4043D361B940435001CF56D /* Debug */ = {
			isa = XCBuildConfiguration;
			buildSettings = {
				ALWAYS_SEARCH_USER_PATHS = NO;
				CLANG_CXX_LANGUAGE_STANDARD = "gnu++0x";
				CLANG_CXX_LIBRARY = "libc++";
				CLANG_ENABLE_MODULES = YES;
				CLANG_ENABLE_OBJC_ARC = YES;
				CLANG_WARN_BOOL_CONVERSION = YES;
				CLANG_WARN_CONSTANT_CONVERSION = YES;
				CLANG_WARN_DIRECT_OBJC_ISA_USAGE = YES_ERROR;
				CLANG_WARN_EMPTY_BODY = YES;
				CLANG_WARN_ENUM_CONVERSION = YES;
				CLANG_WARN_INT_CONVERSION = YES;
				CLANG_WARN_OBJC_ROOT_CLASS = YES_ERROR;
				CLANG_WARN_UNREACHABLE_CODE = YES;
				CLANG_WARN__DUPLICATE_METHOD_MATCH = YES;
				"CODE_SIGN_IDENTITY[sdk=iphoneos*]" = "iPhone Developer";
				COPY_PHASE_STRIP = NO;
				DEBUG_INFORMATION_FORMAT = "dwarf-with-dsym";
				ENABLE_STRICT_OBJC_MSGSEND = YES;
				GCC_C_LANGUAGE_STANDARD = gnu99;
				GCC_DYNAMIC_NO_PIC = NO;
				GCC_NO_COMMON_BLOCKS = YES;
				GCC_OPTIMIZATION_LEVEL = 0;
				GCC_PREPROCESSOR_DEFINITIONS = (
					"DEBUG=1",
					"$(inherited)",
				);
				GCC_SYMBOLS_PRIVATE_EXTERN = NO;
				GCC_WARN_64_TO_32_BIT_CONVERSION = YES;
				GCC_WARN_ABOUT_RETURN_TYPE = YES_ERROR;
				GCC_WARN_UNDECLARED_SELECTOR = YES;
				GCC_WARN_UNINITIALIZED_AUTOS = YES_AGGRESSIVE;
				GCC_WARN_UNUSED_FUNCTION = YES;
				GCC_WARN_UNUSED_VARIABLE = YES;
				IPHONEOS_DEPLOYMENT_TARGET = 8.4;
				MTL_ENABLE_DEBUG_INFO = YES;
				ONLY_ACTIVE_ARCH = YES;
				SDKROOT = iphoneos;
				SWIFT_OPTIMIZATION_LEVEL = "-Onone";
				TARGETED_DEVICE_FAMILY = "1,2";
			};
			name = Debug;
		};
		D4043D371B940435001CF56D /* Release */ = {
			isa = XCBuildConfiguration;
			buildSettings = {
				ALWAYS_SEARCH_USER_PATHS = NO;
				CLANG_CXX_LANGUAGE_STANDARD = "gnu++0x";
				CLANG_CXX_LIBRARY = "libc++";
				CLANG_ENABLE_MODULES = YES;
				CLANG_ENABLE_OBJC_ARC = YES;
				CLANG_WARN_BOOL_CONVERSION = YES;
				CLANG_WARN_CONSTANT_CONVERSION = YES;
				CLANG_WARN_DIRECT_OBJC_ISA_USAGE = YES_ERROR;
				CLANG_WARN_EMPTY_BODY = YES;
				CLANG_WARN_ENUM_CONVERSION = YES;
				CLANG_WARN_INT_CONVERSION = YES;
				CLANG_WARN_OBJC_ROOT_CLASS = YES_ERROR;
				CLANG_WARN_UNREACHABLE_CODE = YES;
				CLANG_WARN__DUPLICATE_METHOD_MATCH = YES;
				"CODE_SIGN_IDENTITY[sdk=iphoneos*]" = "iPhone Developer";
				COPY_PHASE_STRIP = NO;
				DEBUG_INFORMATION_FORMAT = "dwarf-with-dsym";
				ENABLE_NS_ASSERTIONS = NO;
				ENABLE_STRICT_OBJC_MSGSEND = YES;
				GCC_C_LANGUAGE_STANDARD = gnu99;
				GCC_NO_COMMON_BLOCKS = YES;
				GCC_WARN_64_TO_32_BIT_CONVERSION = YES;
				GCC_WARN_ABOUT_RETURN_TYPE = YES_ERROR;
				GCC_WARN_UNDECLARED_SELECTOR = YES;
				GCC_WARN_UNINITIALIZED_AUTOS = YES_AGGRESSIVE;
				GCC_WARN_UNUSED_FUNCTION = YES;
				GCC_WARN_UNUSED_VARIABLE = YES;
				IPHONEOS_DEPLOYMENT_TARGET = 8.4;
				MTL_ENABLE_DEBUG_INFO = NO;
				SDKROOT = iphoneos;
				TARGETED_DEVICE_FAMILY = "1,2";
				VALIDATE_PRODUCT = YES;
			};
			name = Release;
		};
		D4043D391B940435001CF56D /* Debug */ = {
			isa = XCBuildConfiguration;
			buildSettings = {
				ASSETCATALOG_COMPILER_APPICON_NAME = AppIcon;
				INFOPLIST_FILE = "Dog Walk/Info.plist";
				LD_RUNPATH_SEARCH_PATHS = "$(inherited) @executable_path/Frameworks";
				PRODUCT_NAME = "$(TARGET_NAME)";
			};
			name = Debug;
		};
		D4043D3A1B940435001CF56D /* Release */ = {
			isa = XCBuildConfiguration;
			buildSettings = {
				ASSETCATALOG_COMPILER_APPICON_NAME = AppIcon;
				INFOPLIST_FILE = "Dog Walk/Info.plist";
				LD_RUNPATH_SEARCH_PATHS = "$(inherited) @executable_path/Frameworks";
				PRODUCT_NAME = "$(TARGET_NAME)";
			};
			name = Release;
		};
		D4043D3C1B940435001CF56D /* Debug */ = {
			isa = XCBuildConfiguration;
			buildSettings = {
				BUNDLE_LOADER = "$(TEST_HOST)";
				FRAMEWORK_SEARCH_PATHS = (
					"$(SDKROOT)/Developer/Library/Frameworks",
					"$(inherited)",
				);
				GCC_PREPROCESSOR_DEFINITIONS = (
					"DEBUG=1",
					"$(inherited)",
				);
				INFOPLIST_FILE = "Dog WalkTests/Info.plist";
				LD_RUNPATH_SEARCH_PATHS = "$(inherited) @executable_path/Frameworks @loader_path/Frameworks";
				PRODUCT_NAME = "$(TARGET_NAME)";
				TEST_HOST = "$(BUILT_PRODUCTS_DIR)/Dog Walk.app/Dog Walk";
			};
			name = Debug;
		};
		D4043D3D1B940435001CF56D /* Release */ = {
			isa = XCBuildConfiguration;
			buildSettings = {
				BUNDLE_LOADER = "$(TEST_HOST)";
				FRAMEWORK_SEARCH_PATHS = (
					"$(SDKROOT)/Developer/Library/Frameworks",
					"$(inherited)",
				);
				INFOPLIST_FILE = "Dog WalkTests/Info.plist";
				LD_RUNPATH_SEARCH_PATHS = "$(inherited) @executable_path/Frameworks @loader_path/Frameworks";
				PRODUCT_NAME = "$(TARGET_NAME)";
				TEST_HOST = "$(BUILT_PRODUCTS_DIR)/Dog Walk.app/Dog Walk";
			};
			name = Release;
		};
/* End XCBuildConfiguration section */

/* Begin XCConfigurationList section */
		D4043D141B940435001CF56D /* Build configuration list for PBXProject "Dog Walk" */ = {
			isa = XCConfigurationList;
			buildConfigurations = (
				D4043D361B940435001CF56D /* Debug */,
				D4043D371B940435001CF56D /* Release */,
			);
			defaultConfigurationIsVisible = 0;
			defaultConfigurationName = Release;
		};
		D4043D381B940435001CF56D /* Build configuration list for PBXNativeTarget "Dog Walk" */ = {
			isa = XCConfigurationList;
			buildConfigurations = (
				D4043D391B940435001CF56D /* Debug */,
				D4043D3A1B940435001CF56D /* Release */,
			);
			defaultConfigurationIsVisible = 0;
		};
		D4043D3B1B940435001CF56D /* Build configuration list for PBXNativeTarget "Dog WalkTests" */ = {
			isa = XCConfigurationList;
			buildConfigurations = (
				D4043D3C1B940435001CF56D /* Debug */,
				D4043D3D1B940435001CF56D /* Release */,
			);
			defaultConfigurationIsVisible = 0;
		};
/* End XCConfigurationList section */
	};
	rootObject = D4043D111B940435001CF56D /* Project object */;
}
