// !$*UTF8*$!
{
	archiveVersion = 1;
	classes = {
	};
	objectVersion = 46;
	objects = {

/* Begin PBXContainerItemProxy section */
		04F77F1C1B6A52E60001837A /* PBXContainerItemProxy */ = {
			isa = PBXContainerItemProxy;
			containerPortal = 04F77F171B6A52E40001837A /* HitList.xcodeproj */;
			proxyType = 2;
			remoteGlobalIDString = 04F77EEF1B6A52E30001837A;
			remoteInfo = HitList;
		};
		04F77F1E1B6A52E60001837A /* PBXContainerItemProxy */ = {
			isa = PBXContainerItemProxy;
			containerPortal = 04F77F171B6A52E40001837A /* HitList.xcodeproj */;
			proxyType = 2;
			remoteGlobalIDString = 04F77F071B6A52E40001837A;
			remoteInfo = HitListTests;
		};
		04F77FA61B6F8C760001837A /* PBXContainerItemProxy */ = {
			isa = PBXContainerItemProxy;
			containerPortal = 04F77FA11B6F8C730001837A /* BowTies.xcodeproj */;
			proxyType = 2;
			remoteGlobalIDString = 04F77F791B6F8C720001837A;
			remoteInfo = BowTies;
		};
		04F77FA81B6F8C760001837A /* PBXContainerItemProxy */ = {
			isa = PBXContainerItemProxy;
			containerPortal = 04F77FA11B6F8C730001837A /* BowTies.xcodeproj */;
			proxyType = 2;
			remoteGlobalIDString = 04F77F911B6F8C730001837A;
			remoteInfo = BowTiesTests;
		};
		04F77FEE1B6FB2B00001837A /* PBXContainerItemProxy */ = {
			isa = PBXContainerItemProxy;
			containerPortal = 04F77FE91B6FB2AE0001837A /* Bow Ties.xcodeproj */;
			proxyType = 2;
			remoteGlobalIDString = 04F77FC11B6FB2AD0001837A;
			remoteInfo = "Bow Ties";
		};
		04F77FF01B6FB2B00001837A /* PBXContainerItemProxy */ = {
			isa = PBXContainerItemProxy;
			containerPortal = 04F77FE91B6FB2AE0001837A /* Bow Ties.xcodeproj */;
			proxyType = 2;
			remoteGlobalIDString = 04F77FD91B6FB2AE0001837A;
			remoteInfo = "Bow TiesTests";
		};
		D4043D471B940436001CF56D /* PBXContainerItemProxy */ = {
			isa = PBXContainerItemProxy;
			containerPortal = D4043D3E1B940435001CF56D /* Dog Walk.xcodeproj */;
			proxyType = 2;
			remoteGlobalIDString = D4043D191B940435001CF56D;
			remoteInfo = "Dog Walk";
		};
		D4043D491B940436001CF56D /* PBXContainerItemProxy */ = {
			isa = PBXContainerItemProxy;
			containerPortal = D4043D3E1B940435001CF56D /* Dog Walk.xcodeproj */;
			proxyType = 2;
			remoteGlobalIDString = D4043D2E1B940435001CF56D;
			remoteInfo = "Dog WalkTests";
		};
/* End PBXContainerItemProxy section */

/* Begin PBXFileReference section */
		04F77F171B6A52E40001837A /* HitList.xcodeproj */ = {isa = PBXFileReference; lastKnownFileType = "wrapper.pb-project"; name = HitList.xcodeproj; path = HitList/HitList.xcodeproj; sourceTree = "<group>"; };
		04F77FA11B6F8C730001837A /* BowTies.xcodeproj */ = {isa = PBXFileReference; lastKnownFileType = "wrapper.pb-project"; name = BowTies.xcodeproj; path = BowTies/BowTies.xcodeproj; sourceTree = "<group>"; };
		04F77FE91B6FB2AE0001837A /* Bow Ties.xcodeproj */ = {isa = PBXFileReference; lastKnownFileType = "wrapper.pb-project"; name = "Bow Ties.xcodeproj"; path = "Bow Ties/Bow Ties.xcodeproj"; sourceTree = "<group>"; };
		D4043D3E1B940435001CF56D /* Dog Walk.xcodeproj */ = {isa = PBXFileReference; lastKnownFileType = "wrapper.pb-project"; name = "Dog Walk.xcodeproj"; path = "Dog Walk/Dog Walk.xcodeproj"; sourceTree = "<group>"; };
/* End PBXFileReference section */

/* Begin PBXGroup section */
		04F77EDF1B6A51CE0001837A = {
			isa = PBXGroup;
			children = (
				D4043D3E1B940435001CF56D /* Dog Walk.xcodeproj */,
				04F77FE91B6FB2AE0001837A /* Bow Ties.xcodeproj */,
				04F77FA11B6F8C730001837A /* BowTies.xcodeproj */,
				04F77F171B6A52E40001837A /* HitList.xcodeproj */,
			);
			sourceTree = "<group>";
		};
		04F77F181B6A52E40001837A /* Products */ = {
			isa = PBXGroup;
			children = (
				04F77F1D1B6A52E60001837A /* HitList.app */,
				04F77F1F1B6A52E60001837A /* HitListTests.xctest */,
			);
			name = Products;
			sourceTree = "<group>";
		};
		04F77FA21B6F8C730001837A /* Products */ = {
			isa = PBXGroup;
			children = (
				04F77FA71B6F8C760001837A /* BowTies.app */,
				04F77FA91B6F8C760001837A /* BowTiesTests.xctest */,
			);
			name = Products;
			sourceTree = "<group>";
		};
		04F77FEA1B6FB2AE0001837A /* Products */ = {
			isa = PBXGroup;
			children = (
				04F77FEF1B6FB2B00001837A /* Bow Ties.app */,
				04F77FF11B6FB2B00001837A /* Bow TiesTests.xctest */,
			);
			name = Products;
			sourceTree = "<group>";
		};
		D4043D3F1B940435001CF56D /* Products */ = {
			isa = PBXGroup;
			children = (
				D4043D481B940436001CF56D /* Dog Walk.app */,
				D4043D4A1B940436001CF56D /* Dog WalkTests.xctest */,
			);
			name = Products;
			sourceTree = "<group>";
		};
/* End PBXGroup section */

/* Begin PBXProject section */
		04F77EE01B6A51CE0001837A /* Project object */ = {
			isa = PBXProject;
			attributes = {
				LastUpgradeCheck = 0640;
			};
			buildConfigurationList = 04F77EE31B6A51CE0001837A /* Build configuration list for PBXProject "CoreData" */;
			compatibilityVersion = "Xcode 3.2";
			developmentRegion = English;
			hasScannedForEncodings = 0;
			knownRegions = (
				en,
			);
			mainGroup = 04F77EDF1B6A51CE0001837A;
			projectDirPath = "";
			projectReferences = (
				{
					ProductGroup = 04F77FEA1B6FB2AE0001837A /* Products */;
					ProjectRef = 04F77FE91B6FB2AE0001837A /* Bow Ties.xcodeproj */;
				},
				{
					ProductGroup = 04F77FA21B6F8C730001837A /* Products */;
					ProjectRef = 04F77FA11B6F8C730001837A /* BowTies.xcodeproj */;
				},
				{
					ProductGroup = D4043D3F1B940435001CF56D /* Products */;
					ProjectRef = D4043D3E1B940435001CF56D /* Dog Walk.xcodeproj */;
				},
				{
					ProductGroup = 04F77F181B6A52E40001837A /* Products */;
					ProjectRef = 04F77F171B6A52E40001837A /* HitList.xcodeproj */;
				},
			);
			projectRoot = "";
			targets = (
			);
		};
/* End PBXProject section */

/* Begin PBXReferenceProxy section */
		04F77F1D1B6A52E60001837A /* HitList.app */ = {
			isa = PBXReferenceProxy;
			fileType = wrapper.application;
			path = HitList.app;
			remoteRef = 04F77F1C1B6A52E60001837A /* PBXContainerItemProxy */;
			sourceTree = BUILT_PRODUCTS_DIR;
		};
		04F77F1F1B6A52E60001837A /* HitListTests.xctest */ = {
			isa = PBXReferenceProxy;
			fileType = wrapper.cfbundle;
			path = HitListTests.xctest;
			remoteRef = 04F77F1E1B6A52E60001837A /* PBXContainerItemProxy */;
			sourceTree = BUILT_PRODUCTS_DIR;
		};
		04F77FA71B6F8C760001837A /* BowTies.app */ = {
			isa = PBXReferenceProxy;
			fileType = wrapper.application;
			path = BowTies.app;
			remoteRef = 04F77FA61B6F8C760001837A /* PBXContainerItemProxy */;
			sourceTree = BUILT_PRODUCTS_DIR;
		};
		04F77FA91B6F8C760001837A /* BowTiesTests.xctest */ = {
			isa = PBXReferenceProxy;
			fileType = wrapper.cfbundle;
			path = BowTiesTests.xctest;
			remoteRef = 04F77FA81B6F8C760001837A /* PBXContainerItemProxy */;
			sourceTree = BUILT_PRODUCTS_DIR;
		};
		04F77FEF1B6FB2B00001837A /* Bow Ties.app */ = {
			isa = PBXReferenceProxy;
			fileType = wrapper.application;
			path = "Bow Ties.app";
			remoteRef = 04F77FEE1B6FB2B00001837A /* PBXContainerItemProxy */;
			sourceTree = BUILT_PRODUCTS_DIR;
		};
		04F77FF11B6FB2B00001837A /* Bow TiesTests.xctest */ = {
			isa = PBXReferenceProxy;
			fileType = wrapper.cfbundle;
			path = "Bow TiesTests.xctest";
			remoteRef = 04F77FF01B6FB2B00001837A /* PBXContainerItemProxy */;
			sourceTree = BUILT_PRODUCTS_DIR;
		};
		D4043D481B940436001CF56D /* Dog Walk.app */ = {
			isa = PBXReferenceProxy;
			fileType = wrapper.application;
			path = "Dog Walk.app";
			remoteRef = D4043D471B940436001CF56D /* PBXContainerItemProxy */;
			sourceTree = BUILT_PRODUCTS_DIR;
		};
		D4043D4A1B940436001CF56D /* Dog WalkTests.xctest */ = {
			isa = PBXReferenceProxy;
			fileType = wrapper.cfbundle;
			path = "Dog WalkTests.xctest";
			remoteRef = D4043D491B940436001CF56D /* PBXContainerItemProxy */;
			sourceTree = BUILT_PRODUCTS_DIR;
		};
/* End PBXReferenceProxy section */

/* Begin XCBuildConfiguration section */
		04F77EE41B6A51CE0001837A /* Debug */ = {
			isa = XCBuildConfiguration;
			buildSettings = {
			};
			name = Debug;
		};
		04F77EE51B6A51CE0001837A /* Release */ = {
			isa = XCBuildConfiguration;
			buildSettings = {
			};
			name = Release;
		};
/* End XCBuildConfiguration section */

/* Begin XCConfigurationList section */
		04F77EE31B6A51CE0001837A /* Build configuration list for PBXProject "CoreData" */ = {
			isa = XCConfigurationList;
			buildConfigurations = (
				04F77EE41B6A51CE0001837A /* Debug */,
				04F77EE51B6A51CE0001837A /* Release */,
			);
			defaultConfigurationIsVisible = 0;
			defaultConfigurationName = Release;
		};
/* End XCConfigurationList section */
	};
	rootObject = 04F77EE01B6A51CE0001837A /* Project object */;
}
