// !$*UTF8*$!
{
	archiveVersion = 1;
	classes = {
	};
	objectVersion = 46;
	objects = {

/* Begin PBXBuildFile section */
		04F77EF51B6A52E40001837A /* AppDelegate.swift in Sources */ = {isa = PBXBuildFile; fileRef = 04F77EF41B6A52E40001837A /* AppDelegate.swift */; };
		04F77EF81B6A52E40001837A /* HitList.xcdatamodeld in Sources */ = {isa = PBXBuildFile; fileRef = 04F77EF61B6A52E40001837A /* HitList.xcdatamodeld */; };
		04F77EFD1B6A52E40001837A /* Main.storyboard in Resources */ = {isa = PBXBuildFile; fileRef = 04F77EFB1B6A52E40001837A /* Main.storyboard */; };
		04F77EFF1B6A52E40001837A /* Images.xcassets in Resources */ = {isa = PBXBuildFile; fileRef = 04F77EFE1B6A52E40001837A /* Images.xcassets */; };
		04F77F021B6A52E40001837A /* LaunchScreen.xib in Resources */ = {isa = PBXBuildFile; fileRef = 04F77F001B6A52E40001837A /* LaunchScreen.xib */; };
		04F77F0E1B6A52E40001837A /* HitListTests.swift in Sources */ = {isa = PBXBuildFile; fileRef = 04F77F0D1B6A52E40001837A /* HitListTests.swift */; };
		04F77F251B6A5D9C0001837A /* TableViewController.swift in Sources */ = {isa = PBXBuildFile; fileRef = 04F77F241B6A5D9C0001837A /* TableViewController.swift */; };
/* End PBXBuildFile section */

/* Begin PBXContainerItemProxy section */
		04F77F081B6A52E40001837A /* PBXContainerItemProxy */ = {
			isa = PBXContainerItemProxy;
			containerPortal = 04F77EE71B6A52E30001837A /* Project object */;
			proxyType = 1;
			remoteGlobalIDString = 04F77EEE1B6A52E30001837A;
			remoteInfo = HitList;
		};
/* End PBXContainerItemProxy section */

/* Begin PBXFileReference section */
		04F77EEF1B6A52E30001837A /* HitList.app */ = {isa = PBXFileReference; explicitFileType = wrapper.application; includeInIndex = 0; path = HitList.app; sourceTree = BUILT_PRODUCTS_DIR; };
		04F77EF31B6A52E40001837A /* Info.plist */ = {isa = PBXFileReference; lastKnownFileType = text.plist.xml; path = Info.plist; sourceTree = "<group>"; };
		04F77EF41B6A52E40001837A /* AppDelegate.swift */ = {isa = PBXFileReference; lastKnownFileType = sourcecode.swift; path = AppDelegate.swift; sourceTree = "<group>"; };
		04F77EF71B6A52E40001837A /* HitList.xcdatamodel */ = {isa = PBXFileReference; lastKnownFileType = wrapper.xcdatamodel; path = HitList.xcdatamodel; sourceTree = "<group>"; };
		04F77EFC1B6A52E40001837A /* Base */ = {isa = PBXFileReference; lastKnownFileType = file.storyboard; name = Base; path = Base.lproj/Main.storyboard; sourceTree = "<group>"; };
		04F77EFE1B6A52E40001837A /* Images.xcassets */ = {isa = PBXFileReference; lastKnownFileType = folder.assetcatalog; path = Images.xcassets; sourceTree = "<group>"; };
		04F77F011B6A52E40001837A /* Base */ = {isa = PBXFileReference; lastKnownFileType = file.xib; name = Base; path = Base.lproj/LaunchScreen.xib; sourceTree = "<group>"; };
		04F77F071B6A52E40001837A /* HitListTests.xctest */ = {isa = PBXFileReference; explicitFileType = wrapper.cfbundle; includeInIndex = 0; path = HitListTests.xctest; sourceTree = BUILT_PRODUCTS_DIR; };
		04F77F0C1B6A52E40001837A /* Info.plist */ = {isa = PBXFileReference; lastKnownFileType = text.plist.xml; path = Info.plist; sourceTree = "<group>"; };
		04F77F0D1B6A52E40001837A /* HitListTests.swift */ = {isa = PBXFileReference; lastKnownFileType = sourcecode.swift; path = HitListTests.swift; sourceTree = "<group>"; };
		04F77F241B6A5D9C0001837A /* TableViewController.swift */ = {isa = PBXFileReference; fileEncoding = 4; lastKnownFileType = sourcecode.swift; path = TableViewController.swift; sourceTree = "<group>"; };
/* End PBXFileReference section */

/* Begin PBXFrameworksBuildPhase section */
		04F77EEC1B6A52E30001837A /* Frameworks */ = {
			isa = PBXFrameworksBuildPhase;
			buildActionMask = 2147483647;
			files = (
			);
			runOnlyForDeploymentPostprocessing = 0;
		};
		04F77F041B6A52E40001837A /* Frameworks */ = {
			isa = PBXFrameworksBuildPhase;
			buildActionMask = 2147483647;
			files = (
			);
			runOnlyForDeploymentPostprocessing = 0;
		};
/* End PBXFrameworksBuildPhase section */

/* Begin PBXGroup section */
		04F77EE61B6A52E30001837A = {
			isa = PBXGroup;
			children = (
				04F77EF11B6A52E30001837A /* HitList */,
				04F77F0A1B6A52E40001837A /* HitListTests */,
				04F77EF01B6A52E30001837A /* Products */,
			);
			sourceTree = "<group>";
		};
		04F77EF01B6A52E30001837A /* Products */ = {
			isa = PBXGroup;
			children = (
				04F77EEF1B6A52E30001837A /* HitList.app */,
				04F77F071B6A52E40001837A /* HitListTests.xctest */,
			);
			name = Products;
			sourceTree = "<group>";
		};
		04F77EF11B6A52E30001837A /* HitList */ = {
			isa = PBXGroup;
			children = (
				04F77F241B6A5D9C0001837A /* TableViewController.swift */,
				04F77EF41B6A52E40001837A /* AppDelegate.swift */,
				04F77EFB1B6A52E40001837A /* Main.storyboard */,
				04F77EFE1B6A52E40001837A /* Images.xcassets */,
				04F77F001B6A52E40001837A /* LaunchScreen.xib */,
				04F77EF61B6A52E40001837A /* HitList.xcdatamodeld */,
				04F77EF21B6A52E40001837A /* Supporting Files */,
			);
			path = HitList;
			sourceTree = "<group>";
		};
		04F77EF21B6A52E40001837A /* Supporting Files */ = {
			isa = PBXGroup;
			children = (
				04F77EF31B6A52E40001837A /* Info.plist */,
			);
			name = "Supporting Files";
			sourceTree = "<group>";
		};
		04F77F0A1B6A52E40001837A /* HitListTests */ = {
			isa = PBXGroup;
			children = (
				04F77F0D1B6A52E40001837A /* HitListTests.swift */,
				04F77F0B1B6A52E40001837A /* Supporting Files */,
			);
			path = HitListTests;
			sourceTree = "<group>";
		};
		04F77F0B1B6A52E40001837A /* Supporting Files */ = {
			isa = PBXGroup;
			children = (
				04F77F0C1B6A52E40001837A /* Info.plist */,
			);
			name = "Supporting Files";
			sourceTree = "<group>";
		};
/* End PBXGroup section */

/* Begin PBXNativeTarget section */
		04F77EEE1B6A52E30001837A /* HitList */ = {
			isa = PBXNativeTarget;
			buildConfigurationList = 04F77F111B6A52E40001837A /* Build configuration list for PBXNativeTarget "HitList" */;
			buildPhases = (
				04F77EEB1B6A52E30001837A /* Sources */,
				04F77EEC1B6A52E30001837A /* Frameworks */,
				04F77EED1B6A52E30001837A /* Resources */,
			);
			buildRules = (
			);
			dependencies = (
			);
			name = HitList;
			productName = HitList;
			productReference = 04F77EEF1B6A52E30001837A /* HitList.app */;
			productType = "com.apple.product-type.application";
		};
		04F77F061B6A52E40001837A /* HitListTests */ = {
			isa = PBXNativeTarget;
			buildConfigurationList = 04F77F141B6A52E40001837A /* Build configuration list for PBXNativeTarget "HitListTests" */;
			buildPhases = (
				04F77F031B6A52E40001837A /* Sources */,
				04F77F041B6A52E40001837A /* Frameworks */,
				04F77F051B6A52E40001837A /* Resources */,
			);
			buildRules = (
			);
			dependencies = (
				04F77F091B6A52E40001837A /* PBXTargetDependency */,
			);
			name = HitListTests;
			productName = HitListTests;
			productReference = 04F77F071B6A52E40001837A /* HitListTests.xctest */;
			productType = "com.apple.product-type.bundle.unit-test";
		};
/* End PBXNativeTarget section */

/* Begin PBXProject section */
		04F77EE71B6A52E30001837A /* Project object */ = {
			isa = PBXProject;
			attributes = {
				LastUpgradeCheck = 0640;
				ORGANIZATIONNAME = Anta;
				TargetAttributes = {
					04F77EEE1B6A52E30001837A = {
						CreatedOnToolsVersion = 6.4;
					};
					04F77F061B6A52E40001837A = {
						CreatedOnToolsVersion = 6.4;
						TestTargetID = 04F77EEE1B6A52E30001837A;
					};
				};
			};
			buildConfigurationList = 04F77EEA1B6A52E30001837A /* Build configuration list for PBXProject "HitList" */;
			compatibilityVersion = "Xcode 3.2";
			developmentRegion = English;
			hasScannedForEncodings = 0;
			knownRegions = (
				en,
				Base,
			);
			mainGroup = 04F77EE61B6A52E30001837A;
			productRefGroup = 04F77EF01B6A52E30001837A /* Products */;
			projectDirPath = "";
			projectRoot = "";
			targets = (
				04F77EEE1B6A52E30001837A /* HitList */,
				04F77F061B6A52E40001837A /* HitListTests */,
			);
		};
/* End PBXProject section */

/* Begin PBXResourcesBuildPhase section */
		04F77EED1B6A52E30001837A /* Resources */ = {
			isa = PBXResourcesBuildPhase;
			buildActionMask = 2147483647;
			files = (
				04F77EFD1B6A52E40001837A /* Main.storyboard in Resources */,
				04F77F021B6A52E40001837A /* LaunchScreen.xib in Resources */,
				04F77EFF1B6A52E40001837A /* Images.xcassets in Resources */,
			);
			runOnlyForDeploymentPostprocessing = 0;
		};
		04F77F051B6A52E40001837A /* Resources */ = {
			isa = PBXResourcesBuildPhase;
			buildActionMask = 2147483647;
			files = (
			);
			runOnlyForDeploymentPostprocessing = 0;
		};
/* End PBXResourcesBuildPhase section */

/* Begin PBXSourcesBuildPhase section */
		04F77EEB1B6A52E30001837A /* Sources */ = {
			isa = PBXSourcesBuildPhase;
			buildActionMask = 2147483647;
			files = (
				04F77EF51B6A52E40001837A /* AppDelegate.swift in Sources */,
				04F77EF81B6A52E40001837A /* HitList.xcdatamodeld in Sources */,
				04F77F251B6A5D9C0001837A /* TableViewController.swift in Sources */,
			);
			runOnlyForDeploymentPostprocessing = 0;
		};
		04F77F031B6A52E40001837A /* Sources */ = {
			isa = PBXSourcesBuildPhase;
			buildActionMask = 2147483647;
			files = (
				04F77F0E1B6A52E40001837A /* HitListTests.swift in Sources */,
			);
			runOnlyForDeploymentPostprocessing = 0;
		};
/* End PBXSourcesBuildPhase section */

/* Begin PBXTargetDependency section */
		04F77F091B6A52E40001837A /* PBXTargetDependency */ = {
			isa = PBXTargetDependency;
			target = 04F77EEE1B6A52E30001837A /* HitList */;
			targetProxy = 04F77F081B6A52E40001837A /* PBXContainerItemProxy */;
		};
/* End PBXTargetDependency section */

/* Begin PBXVariantGroup section */
		04F77EFB1B6A52E40001837A /* Main.storyboard */ = {
			isa = PBXVariantGroup;
			children = (
				04F77EFC1B6A52E40001837A /* Base */,
			);
			name = Main.storyboard;
			sourceTree = "<group>";
		};
		04F77F001B6A52E40001837A /* LaunchScreen.xib */ = {
			isa = PBXVariantGroup;
			children = (
				04F77F011B6A52E40001837A /* Base */,
			);
			name = LaunchScreen.xib;
			sourceTree = "<group>";
		};
/* End PBXVariantGroup section */

/* Begin XCBuildConfiguration section */
		04F77F0F1B6A52E40001837A /* Debug */ = {
			isa = XCBuildConfiguration;
			buildSettings = {
				ALWAYS_SEARCH_USER_PATHS = NO;
				CLANG_CXX_LANGUAGE_STANDARD = "gnu++0x";
				CLANG_CXX_LIBRARY = "libc++";
				CLANG_ENABLE_MODULES = YES;
				CLANG_ENABLE_OBJC_ARC = YES;
				CLANG_WARN_BOOL_CONVERSION = YES;
				CLANG_WARN_CONSTANT_CONVERSION = YES;
				CLANG_WARN_DIRECT_OBJC_ISA_USAGE = YES_ERROR;
				CLANG_WARN_EMPTY_BODY = YES;
				CLANG_WARN_ENUM_CONVERSION = YES;
				CLANG_WARN_INT_CONVERSION = YES;
				CLANG_WARN_OBJC_ROOT_CLASS = YES_ERROR;
				CLANG_WARN_UNREACHABLE_CODE = YES;
				CLANG_WARN__DUPLICATE_METHOD_MATCH = YES;
				"CODE_SIGN_IDENTITY[sdk=iphoneos*]" = "iPhone Developer";
				COPY_PHASE_STRIP = NO;
				DEBUG_INFORMATION_FORMAT = "dwarf-with-dsym";
				ENABLE_STRICT_OBJC_MSGSEND = YES;
				GCC_C_LANGUAGE_STANDARD = gnu99;
				GCC_DYNAMIC_NO_PIC = NO;
				GCC_NO_COMMON_BLOCKS = YES;
				GCC_OPTIMIZATION_LEVEL = 0;
				GCC_PREPROCESSOR_DEFINITIONS = (
					"DEBUG=1",
					"$(inherited)",
				);
				GCC_SYMBOLS_PRIVATE_EXTERN = NO;
				GCC_WARN_64_TO_32_BIT_CONVERSION = YES;
				GCC_WARN_ABOUT_RETURN_TYPE = YES_ERROR;
				GCC_WARN_UNDECLARED_SELECTOR = YES;
				GCC_WARN_UNINITIALIZED_AUTOS = YES_AGGRESSIVE;
				GCC_WARN_UNUSED_FUNCTION = YES;
				GCC_WARN_UNUSED_VARIABLE = YES;
				IPHONEOS_DEPLOYMENT_TARGET = 8.4;
				MTL_ENABLE_DEBUG_INFO = YES;
				ONLY_ACTIVE_ARCH = YES;
				SDKROOT = iphoneos;
				SWIFT_OPTIMIZATION_LEVEL = "-Onone";
				TARGETED_DEVICE_FAMILY = "1,2";
			};
			name = Debug;
		};
		04F77F101B6A52E40001837A /* Release */ = {
			isa = XCBuildConfiguration;
			buildSettings = {
				ALWAYS_SEARCH_USER_PATHS = NO;
				CLANG_CXX_LANGUAGE_STANDARD = "gnu++0x";
				CLANG_CXX_LIBRARY = "libc++";
				CLANG_ENABLE_MODULES = YES;
				CLANG_ENABLE_OBJC_ARC = YES;
				CLANG_WARN_BOOL_CONVERSION = YES;
				CLANG_WARN_CONSTANT_CONVERSION = YES;
				CLANG_WARN_DIRECT_OBJC_ISA_USAGE = YES_ERROR;
				CLANG_WARN_EMPTY_BODY = YES;
				CLANG_WARN_ENUM_CONVERSION = YES;
				CLANG_WARN_INT_CONVERSION = YES;
				CLANG_WARN_OBJC_ROOT_CLASS = YES_ERROR;
				CLANG_WARN_UNREACHABLE_CODE = YES;
				CLANG_WARN__DUPLICATE_METHOD_MATCH = YES;
				"CODE_SIGN_IDENTITY[sdk=iphoneos*]" = "iPhone Developer";
				COPY_PHASE_STRIP = NO;
				DEBUG_INFORMATION_FORMAT = "dwarf-with-dsym";
				ENABLE_NS_ASSERTIONS = NO;
				ENABLE_STRICT_OBJC_MSGSEND = YES;
				GCC_C_LANGUAGE_STANDARD = gnu99;
				GCC_NO_COMMON_BLOCKS = YES;
				GCC_WARN_64_TO_32_BIT_CONVERSION = YES;
				GCC_WARN_ABOUT_RETURN_TYPE = YES_ERROR;
				GCC_WARN_UNDECLARED_SELECTOR = YES;
				GCC_WARN_UNINITIALIZED_AUTOS = YES_AGGRESSIVE;
				GCC_WARN_UNUSED_FUNCTION = YES;
				GCC_WARN_UNUSED_VARIABLE = YES;
				IPHONEOS_DEPLOYMENT_TARGET = 8.4;
				MTL_ENABLE_DEBUG_INFO = NO;
				SDKROOT = iphoneos;
				TARGETED_DEVICE_FAMILY = "1,2";
				VALIDATE_PRODUCT = YES;
			};
			name = Release;
		};
		04F77F121B6A52E40001837A /* Debug */ = {
			isa = XCBuildConfiguration;
			buildSettings = {
				ASSETCATALOG_COMPILER_APPICON_NAME = AppIcon;
				INFOPLIST_FILE = HitList/Info.plist;
				LD_RUNPATH_SEARCH_PATHS = "$(inherited) @executable_path/Frameworks";
				PRODUCT_NAME = "$(TARGET_NAME)";
			};
			name = Debug;
		};
		04F77F131B6A52E40001837A /* Release */ = {
			isa = XCBuildConfiguration;
			buildSettings = {
				ASSETCATALOG_COMPILER_APPICON_NAME = AppIcon;
				INFOPLIST_FILE = HitList/Info.plist;
				LD_RUNPATH_SEARCH_PATHS = "$(inherited) @executable_path/Frameworks";
				PRODUCT_NAME = "$(TARGET_NAME)";
			};
			name = Release;
		};
		04F77F151B6A52E40001837A /* Debug */ = {
			isa = XCBuildConfiguration;
			buildSettings = {
				BUNDLE_LOADER = "$(TEST_HOST)";
				FRAMEWORK_SEARCH_PATHS = (
					"$(SDKROOT)/Developer/Library/Frameworks",
					"$(inherited)",
				);
				GCC_PREPROCESSOR_DEFINITIONS = (
					"DEBUG=1",
					"$(inherited)",
				);
				INFOPLIST_FILE = HitListTests/Info.plist;
				LD_RUNPATH_SEARCH_PATHS = "$(inherited) @executable_path/Frameworks @loader_path/Frameworks";
				PRODUCT_NAME = "$(TARGET_NAME)";
				TEST_HOST = "$(BUILT_PRODUCTS_DIR)/HitList.app/HitList";
			};
			name = Debug;
		};
		04F77F161B6A52E40001837A /* Release */ = {
			isa = XCBuildConfiguration;
			buildSettings = {
				BUNDLE_LOADER = "$(TEST_HOST)";
				FRAMEWORK_SEARCH_PATHS = (
					"$(SDKROOT)/Developer/Library/Frameworks",
					"$(inherited)",
				);
				INFOPLIST_FILE = HitListTests/Info.plist;
				LD_RUNPATH_SEARCH_PATHS = "$(inherited) @executable_path/Frameworks @loader_path/Frameworks";
				PRODUCT_NAME = "$(TARGET_NAME)";
				TEST_HOST = "$(BUILT_PRODUCTS_DIR)/HitList.app/HitList";
			};
			name = Release;
		};
/* End XCBuildConfiguration section */

/* Begin XCConfigurationList section */
		04F77EEA1B6A52E30001837A /* Build configuration list for PBXProject "HitList" */ = {
			isa = XCConfigurationList;
			buildConfigurations = (
				04F77F0F1B6A52E40001837A /* Debug */,
				04F77F101B6A52E40001837A /* Release */,
			);
			defaultConfigurationIsVisible = 0;
			defaultConfigurationName = Release;
		};
		04F77F111B6A52E40001837A /* Build configuration list for PBXNativeTarget "HitList" */ = {
			isa = XCConfigurationList;
			buildConfigurations = (
				04F77F121B6A52E40001837A /* Debug */,
				04F77F131B6A52E40001837A /* Release */,
			);
			defaultConfigurationIsVisible = 0;
		};
		04F77F141B6A52E40001837A /* Build configuration list for PBXNativeTarget "HitListTests" */ = {
			isa = XCConfigurationList;
			buildConfigurations = (
				04F77F151B6A52E40001837A /* Debug */,
				04F77F161B6A52E40001837A /* Release */,
			);
			defaultConfigurationIsVisible = 0;
		};
/* End XCConfigurationList section */

/* Begin XCVersionGroup section */
		04F77EF61B6A52E40001837A /* HitList.xcdatamodeld */ = {
			isa = XCVersionGroup;
			children = (
				04F77EF71B6A52E40001837A /* HitList.xcdatamodel */,
			);
			currentVersion = 04F77EF71B6A52E40001837A /* HitList.xcdatamodel */;
			path = HitList.xcdatamodeld;
			sourceTree = "<group>";
			versionGroupType = wrapper.xcdatamodel;
		};
/* End XCVersionGroup section */
	};
	rootObject = 04F77EE71B6A52E30001837A /* Project object */;
}
